
Microsoft Visual Studio Solution File, Format Version 12.00
# Visual Studio Version 16
VisualStudioVersion = 16.0.32630.194
MinimumVisualStudioVersion = 10.0.40219.1
Project("{FAE04EC0-301F-11D3-BF4B-00C04F79EFBC}") = "Intro_Object_Oriented_Programming", "Intro_Object_Oriented_Programming\Intro_Object_Oriented_Programming.csproj", "{5D091EAE-5117-48B9-B28D-0B26EEE07477}"
EndProject
Global
	GlobalSection(SolutionConfigurationPlatforms) = preSolution
		Debug|Any CPU = Debug|Any CPU
		Release|Any CPU = Release|Any CPU
	EndGlobalSection
	GlobalSection(ProjectConfigurationPlatforms) = postSolution
		{5D091EAE-5117-48B9-B28D-0B26EEE07477}.Debug|Any CPU.ActiveCfg = Debug|Any CPU
		{5D091EAE-5117-48B9-B28D-0B26EEE07477}.Debug|Any CPU.Build.0 = Debug|Any CPU
		{5D091EAE-5117-48B9-B28D-0B26EEE07477}.Release|Any CPU.ActiveCfg = Release|Any CPU
		{5D091EAE-5117-48B9-B28D-0B26EEE07477}.Release|Any CPU.Build.0 = Release|Any CPU
	EndGlobalSection
	GlobalSection(SolutionProperties) = preSolution
		HideSolutionNode = FALSE
	EndGlobalSection
	GlobalSection(ExtensibilityGlobals) = postSolution
		SolutionGuid = {48B573BC-4EF0-48F0-9049-0709FF5B772B}
	EndGlobalSection
EndGlobal
